
Microsoft Visual Studio Solution File, Format Version 12.00
# Visual Studio Version 16
VisualStudioVersion = 16.0.30114.105
MinimumVisualStudioVersion = 10.0.40219.1
Project("{FAE04EC0-301F-11D3-BF4B-00C04F79EFBC}") = "WebApi", "WebApi\WebApi.csproj", "{3F989065-98DD-4E13-A8D3-A9F2BD3F2981}"
EndProject
Project("{2150E333-8FDC-42A3-9474-1A3956D46DE8}") = "Tests", "Tests", "{7E26F999-DD52-4A08-92B7-7EA856B701AD}"
EndProject
Project("{FAE04EC0-301F-11D3-BF4B-00C04F79EFBC}") = "WebApi.UnitTests", "Tests\WebApi.UnitTests\WebApi.UnitTests.csproj", "{EFBC2904-BB0B-41F1-8BFD-C5D952F19F00}"
EndProject
Global
	GlobalSection(SolutionConfigurationPlatforms) = preSolution
		Debug|Any CPU = Debug|Any CPU
		Debug|x64 = Debug|x64
		Debug|x86 = Debug|x86
		Release|Any CPU = Release|Any CPU
		Release|x64 = Release|x64
		Release|x86 = Release|x86
	EndGlobalSection
	GlobalSection(SolutionProperties) = preSolution
		HideSolutionNode = FALSE
	EndGlobalSection
	GlobalSection(ProjectConfigurationPlatforms) = postSolution
		{3F989065-98DD-4E13-A8D3-A9F2BD3F2981}.Debug|Any CPU.ActiveCfg = Debug|Any CPU
		{3F989065-98DD-4E13-A8D3-A9F2BD3F2981}.Debug|Any CPU.Build.0 = Debug|Any CPU
		{3F989065-98DD-4E13-A8D3-A9F2BD3F2981}.Debug|x64.ActiveCfg = Debug|Any CPU
		{3F989065-98DD-4E13-A8D3-A9F2BD3F2981}.Debug|x64.Build.0 = Debug|Any CPU
		{3F989065-98DD-4E13-A8D3-A9F2BD3F2981}.Debug|x86.ActiveCfg = Debug|Any CPU
		{3F989065-98DD-4E13-A8D3-A9F2BD3F2981}.Debug|x86.Build.0 = Debug|Any CPU
		{3F989065-98DD-4E13-A8D3-A9F2BD3F2981}.Release|Any CPU.ActiveCfg = Release|Any CPU
		{3F989065-98DD-4E13-A8D3-A9F2BD3F2981}.Release|Any CPU.Build.0 = Release|Any CPU
		{3F989065-98DD-4E13-A8D3-A9F2BD3F2981}.Release|x64.ActiveCfg = Release|Any CPU
		{3F989065-98DD-4E13-A8D3-A9F2BD3F2981}.Release|x64.Build.0 = Release|Any CPU
		{3F989065-98DD-4E13-A8D3-A9F2BD3F2981}.Release|x86.ActiveCfg = Release|Any CPU
		{3F989065-98DD-4E13-A8D3-A9F2BD3F2981}.Release|x86.Build.0 = Release|Any CPU
		{EFBC2904-BB0B-41F1-8BFD-C5D952F19F00}.Debug|Any CPU.ActiveCfg = Debug|Any CPU
		{EFBC2904-BB0B-41F1-8BFD-C5D952F19F00}.Debug|Any CPU.Build.0 = Debug|Any CPU
		{EFBC2904-BB0B-41F1-8BFD-C5D952F19F00}.Debug|x64.ActiveCfg = Debug|Any CPU
		{EFBC2904-BB0B-41F1-8BFD-C5D952F19F00}.Debug|x64.Build.0 = Debug|Any CPU
		{EFBC2904-BB0B-41F1-8BFD-C5D952F19F00}.Debug|x86.ActiveCfg = Debug|Any CPU
		{EFBC2904-BB0B-41F1-8BFD-C5D952F19F00}.Debug|x86.Build.0 = Debug|Any CPU
		{EFBC2904-BB0B-41F1-8BFD-C5D952F19F00}.Release|Any CPU.ActiveCfg = Release|Any CPU
		{EFBC2904-BB0B-41F1-8BFD-C5D952F19F00}.Release|Any CPU.Build.0 = Release|Any CPU
		{EFBC2904-BB0B-41F1-8BFD-C5D952F19F00}.Release|x64.ActiveCfg = Release|Any CPU
		{EFBC2904-BB0B-41F1-8BFD-C5D952F19F00}.Release|x64.Build.0 = Release|Any CPU
		{EFBC2904-BB0B-41F1-8BFD-C5D952F19F00}.Release|x86.ActiveCfg = Release|Any CPU
		{EFBC2904-BB0B-41F1-8BFD-C5D952F19F00}.Release|x86.Build.0 = Release|Any CPU
	EndGlobalSection
	GlobalSection(NestedProjects) = preSolution
		{EFBC2904-BB0B-41F1-8BFD-C5D952F19F00} = {7E26F999-DD52-4A08-92B7-7EA856B701AD}
	EndGlobalSection
EndGlobal
